
Microsoft Visual Studio Solution File, Format Version 12.00
# Visual Studio Version 16
VisualStudioVersion = 16.0.31702.278
MinimumVisualStudioVersion = 10.0.40219.1
Project("{9A19103F-16F7-4668-BE54-9A1E7A4F7556}") = "OnionWebApi.Core", "OnionWebApi.Core\OnionWebApi.Core.csproj", "{1FEDD7D0-1F51-4714-ACE5-8E24401C497F}"
EndProject
Project("{9A19103F-16F7-4668-BE54-9A1E7A4F7556}") = "OnionWebApi.Models", "OnionWebApi.Models\OnionWebApi.Models.csproj", "{604CCE3A-8C9E-49D8-B5A3-277732DB5587}"
EndProject
Project("{9A19103F-16F7-4668-BE54-9A1E7A4F7556}") = "OnionWebApi.BL", "OnionWebApi.BL\OnionWebApi.BL.csproj", "{B0D0C1FA-DE89-4965-928B-BEB6AE76F377}"
EndProject
Project("{9A19103F-16F7-4668-BE54-9A1E7A4F7556}") = "OnionWebApi.Services", "OnionWebApi.Services\OnionWebApi.Services.csproj", "{FE0FCAE8-2D0C-4D34-ACF9-7D59CF80C9C3}"
EndProject
Project("{9A19103F-16F7-4668-BE54-9A1E7A4F7556}") = "OnionWebApi", "OnionWebApi\OnionWebApi.csproj", "{6EF349C7-B524-435B-A7AE-F3150E89A5BC}"
EndProject
Global
	GlobalSection(SolutionConfigurationPlatforms) = preSolution
		Debug|Any CPU = Debug|Any CPU
		Release|Any CPU = Release|Any CPU
	EndGlobalSection
	GlobalSection(ProjectConfigurationPlatforms) = postSolution
		{1FEDD7D0-1F51-4714-ACE5-8E24401C497F}.Debug|Any CPU.ActiveCfg = Debug|Any CPU
		{1FEDD7D0-1F51-4714-ACE5-8E24401C497F}.Debug|Any CPU.Build.0 = Debug|Any CPU
		{1FEDD7D0-1F51-4714-ACE5-8E24401C497F}.Release|Any CPU.ActiveCfg = Release|Any CPU
		{1FEDD7D0-1F51-4714-ACE5-8E24401C497F}.Release|Any CPU.Build.0 = Release|Any CPU
		{604CCE3A-8C9E-49D8-B5A3-277732DB5587}.Debug|Any CPU.ActiveCfg = Debug|Any CPU
		{604CCE3A-8C9E-49D8-B5A3-277732DB5587}.Debug|Any CPU.Build.0 = Debug|Any CPU
		{604CCE3A-8C9E-49D8-B5A3-277732DB5587}.Release|Any CPU.ActiveCfg = Release|Any CPU
		{604CCE3A-8C9E-49D8-B5A3-277732DB5587}.Release|Any CPU.Build.0 = Release|Any CPU
		{B0D0C1FA-DE89-4965-928B-BEB6AE76F377}.Debug|Any CPU.ActiveCfg = Debug|Any CPU
		{B0D0C1FA-DE89-4965-928B-BEB6AE76F377}.Debug|Any CPU.Build.0 = Debug|Any CPU
		{B0D0C1FA-DE89-4965-928B-BEB6AE76F377}.Release|Any CPU.ActiveCfg = Release|Any CPU
		{B0D0C1FA-DE89-4965-928B-BEB6AE76F377}.Release|Any CPU.Build.0 = Release|Any CPU
		{FE0FCAE8-2D0C-4D34-ACF9-7D59CF80C9C3}.Debug|Any CPU.ActiveCfg = Debug|Any CPU
		{FE0FCAE8-2D0C-4D34-ACF9-7D59CF80C9C3}.Debug|Any CPU.Build.0 = Debug|Any CPU
		{FE0FCAE8-2D0C-4D34-ACF9-7D59CF80C9C3}.Release|Any CPU.ActiveCfg = Release|Any CPU
		{FE0FCAE8-2D0C-4D34-ACF9-7D59CF80C9C3}.Release|Any CPU.Build.0 = Release|Any CPU
		{6EF349C7-B524-435B-A7AE-F3150E89A5BC}.Debug|Any CPU.ActiveCfg = Debug|Any CPU
		{6EF349C7-B524-435B-A7AE-F3150E89A5BC}.Debug|Any CPU.Build.0 = Debug|Any CPU
		{6EF349C7-B524-435B-A7AE-F3150E89A5BC}.Release|Any CPU.ActiveCfg = Release|Any CPU
		{6EF349C7-B524-435B-A7AE-F3150E89A5BC}.Release|Any CPU.Build.0 = Release|Any CPU
	EndGlobalSection
	GlobalSection(SolutionProperties) = preSolution
		HideSolutionNode = FALSE
	EndGlobalSection
	GlobalSection(ExtensibilityGlobals) = postSolution
		SolutionGuid = {3BB7CE98-1919-4287-A459-C2FDF7E1B7D6}
	EndGlobalSection
EndGlobal
